[[package]]
name = "atomicwrites"
version = "1.1.5"
description = "Atomic file writes."
category = "dev"
optional = false
python-versions = "*"
platform = "UNKNOWN"

[[package]]
name = "attrs"
version = "18.1.0"
description = "Classes Without Boilerplate"
category = "dev"
optional = false
python-versions = "*"
platform = "*"

[[package]]
name = "colorama"
version = "0.3.9"
description = "Cross-platform colored terminal text."
category = "dev"
optional = false
python-versions = "*"
platform = "UNKNOWN"

[package.requirements]
platform = "win32"
[[package]]
name = "coverage"
version = "4.5.1"
description = "Code coverage measurement for Python"
category = "dev"
optional = false
python-versions = ">=2.6, !=3.0.*, !=3.1.*, !=3.2.*, <4"
platform = "*"

[[package]]
name = "hupper"
version = "1.3"
description = "Integrated process monitor for developing and reloading daemons."
category = "main"
optional = false
python-versions = ">=2.7,!=3.0.*,!=3.1.*,!=3.2.*,!=3.3.*"
platform = "*"

[[package]]
name = "idna"
version = "2.7"
description = "Internationalized Domain Names in Applications (IDNA)"
category = "main"
optional = false
python-versions = "*"
platform = "*"

[[package]]
name = "jsonschema"
version = "2.6.0"
description = "An implementation of JSON Schema validation for Python"
category = "main"
optional = false
python-versions = "*"
platform = "*"

[[package]]
name = "more-itertools"
version = "4.2.0"
description = "More routines for operating on iterables, beyond itertools"
category = "dev"
optional = false
python-versions = "*"
platform = "*"

[package.dependencies]
six = ">=1.0.0,<2.0.0"
[[package]]
name = "multidict"
version = "4.3.1"
description = "multidict implementation"
category = "main"
optional = false
python-versions = ">=3.4.1"
platform = "*"

[[package]]
name = "openapi-core"
version = "0.5.0"
description = ""
category = "main"
optional = false
python-versions = "*"
platform = "*"

[package.dependencies]
openapi-spec-validator = "*"
six = "*"
yarl = "<1.2.0"
[[package]]
name = "openapi-spec-validator"
version = "0.2.2"
description = ""
category = "main"
optional = false
python-versions = "*"
platform = "*"

[package.dependencies]
six = "*"
pyaml = "*"
jsonschema = "*"
[[package]]
name = "pastedeploy"
version = "1.5.2"
description = "Load, configure, and compose WSGI applications and servers"
category = "main"
optional = false
python-versions = "*"
platform = "UNKNOWN"

[[package]]
name = "plaster"
version = "1.0"
description = "A loader interface around multiple config file formats."
category = "main"
optional = false
python-versions = ">=2.7,!=3.0.*,!=3.1.*,!=3.2.*,!=3.3.*"
platform = "*"

[package.dependencies]
setuptools = "*"
[[package]]
name = "plaster-pastedeploy"
version = "0.5"
description = "A loader implementing the PasteDeploy syntax to be used by plaster."
category = "main"
optional = false
python-versions = ">=2.7,!=3.0.*,!=3.1.*,!=3.2.*,!=3.3.*"
platform = "*"

[package.dependencies]
plaster = ">=0.5"
PasteDeploy = ">=1.5.0"
[[package]]
name = "pluggy"
version = "0.6.0"
description = "plugin and hook calling mechanisms for python"
category = "dev"
optional = false
python-versions = ">=2.7, !=3.0.*, !=3.1.*, !=3.2.*, !=3.3.*"
platform = "unix"

[[package]]
name = "py"
version = "1.5.4"
description = "library with cross-python path, ini-parsing, io, code, log facilities"
category = "dev"
optional = false
python-versions = ">=2.7, !=3.0.*, !=3.1.*, !=3.2.*, !=3.3.*"
platform = "unix"

[[package]]
name = "pyaml"
version = "17.12.1"
description = "PyYAML-based module to produce pretty and readable YAML-serialized data"
category = "main"
optional = false
python-versions = "*"
platform = "*"

[package.dependencies]
PyYAML = "*"
[[package]]
name = "pyramid"
version = "1.9.2"
description = "The Pyramid Web Framework, a Pylons project"
category = "main"
optional = false
python-versions = ">=2.7,!=3.0.*,!=3.1.*,!=3.2.*,!=3.3.*"
platform = "*"

[package.dependencies]
"zope.interface" = ">=3.8.0"
"zope.deprecation" = ">=3.5.0"
venusian = ">=1.0a3"
translationstring = ">=0.4"
setuptools = "*"
"repoze.lru" = ">=0.4"
plaster-pastedeploy = "*"
plaster = "*"
hupper = "*"
WebOb = ">=1.7.0"
PasteDeploy = ">=1.5.0"
[[package]]
name = "pytest"
version = "3.6.2"
description = "pytest: simple powerful testing with Python"
category = "dev"
optional = false
python-versions = ">=2.7, !=3.0.*, !=3.1.*, !=3.2.*, !=3.3.*"
platform = "unix"

[package.dependencies]
colorama = "*"
pluggy = ">=0.5,<0.7"
atomicwrites = ">=1.0"
more-itertools = ">=4.0.0"
attrs = ">=17.4.0"
setuptools = "*"
six = ">=1.10.0"
py = ">=1.5.0"
[[package]]
name = "pyyaml"
version = "4.1"
description = "YAML parser and emitter for Python"
category = "main"
optional = false
python-versions = "*"
platform = "Any"

[[package]]
name = "repoze.lru"
version = "0.7"
description = "A tiny LRU cache implementation and decorator"
category = "main"
optional = false
python-versions = "*"
platform = "*"

[[package]]
name = "setuptools"
version = "39.2.0"
description = "Easily download, build, install, upgrade, and uninstall Python packages"
category = "main"
optional = false
python-versions = ">=2.7,!=3.0.*,!=3.1.*,!=3.2.*"
platform = "*"

[[package]]
name = "six"
version = "1.11.0"
description = "Python 2 and 3 compatibility utilities"
category = "main"
optional = false
python-versions = "*"
platform = "*"

[[package]]
name = "translationstring"
version = "1.3"
description = "Utility library for i18n relied on by various Repoze and Pyramid packages"
category = "main"
optional = false
python-versions = "*"
platform = "UNKNOWN"

[[package]]
name = "venusian"
version = "1.1.0"
description = "A library for deferring decorator actions"
category = "main"
optional = false
python-versions = "*"
platform = "*"

[[package]]
name = "webob"
version = "1.8.2"
description = "WSGI request and response object"
category = "main"
optional = false
python-versions = ">=2.7,!=3.0.*,!=3.1.*,!=3.2.*"
platform = "*"

[[package]]
name = "werkzeug"
version = "0.14.1"
description = "The comprehensive WSGI web application library."
category = "main"
optional = false
python-versions = "*"
platform = "any"

[[package]]
name = "yarl"
version = "1.1.1"
description = "Yet another URL library"
category = "main"
optional = false
python-versions = "*"
platform = "*"

[package.dependencies]
multidict = ">=4.0"
idna = ">=2.0"
[[package]]
name = "zope.deprecation"
version = "4.3.0"
description = "Zope Deprecation Infrastructure"
category = "main"
optional = false
python-versions = "*"
platform = "*"

[package.dependencies]
setuptools = "*"
[[package]]
name = "zope.interface"
version = "4.5.0"
description = "Interfaces for Python"
category = "main"
optional = false
python-versions = ">=2.7, !=3.0.*, !=3.1.*, !=3.2.*, !=3.3.*"
platform = "*"

[package.dependencies]
setuptools = "*"

[metadata]
python-versions = ">3.4"
platform = "*"
content-hash = "71f46f82262162815965c239fdf7f4fee8a0267f45366d58b46beba8385a26c7"

[metadata.hashes]
atomicwrites = [ "a24da68318b08ac9c9c45029f4a10371ab5b20e4226738e150e6e7c571630ae6", "240831ea22da9ab882b551b31d4225591e5e447a68c5e188db5b89ca1d487585",]
attrs = [ "4b90b09eeeb9b88c35bc642cbac057e45a5fd85367b985bd2809c62b7b939265", "e0d0eb91441a3b53dab4d9b743eafc1ac44476296a2053b6ca3af0b139faf87b",]
colorama = [ "463f8483208e921368c9f306094eb6f725c6ca42b0f97e313cb5d5512459feda", "48eb22f4f8461b1df5734a074b57042430fb06e1d61bd1e11b078c0fe6d7a1f1",]
coverage = [ "7608a3dd5d73cb06c531b8925e0ef8d3de31fed2544a7de6c63960a1e73ea4bc", "3a2184c6d797a125dca8367878d3b9a178b6fdd05fdc2d35d758c3006a1cd694", "f3f501f345f24383c0000395b26b726e46758b71393267aeae0bd36f8b3ade80", "0b136648de27201056c1869a6c0d4e23f464750fd9a9ba9750b8336a244429ed", "337ded681dd2ef9ca04ef5d93cfc87e52e09db2594c296b4a0a3662cb1b41249", "3eb42bf89a6be7deb64116dd1cc4b08171734d721e7a7e57ad64cc4ef29ed2f1", "be6cfcd8053d13f5f5eeb284aa8a814220c3da1b0078fa859011c7fffd86dab9", "69bf008a06b76619d3c3f3b1983f5145c75a305a0fea513aca094cae5c40a8f5", "2eb564bbf7816a9d68dd3369a510be3327f1c618d2357fa6b1216994c2e3d508", "9d6dd10d49e01571bf6e147d3b505141ffc093a06756c60b053a859cb2128b1f", "701cd6093d63e6b8ad7009d8a92425428bc4d6e7ab8d75efbb665c806c1d79ba", "5a13ea7911ff5e1796b6d5e4fbbf6952381a611209b736d48e675c2756f3f74e", "c1bb572fab8208c400adaf06a8133ac0712179a334c09224fb11393e920abcdd", "03481e81d558d30d230bc12999e3edffe392d244349a90f4ef9b88425fac74ba", "28b2191e7283f4f3568962e373b47ef7f0392993bb6660d079c62bd50fe9d162", "de4418dadaa1c01d497e539210cb6baa015965526ff5afc078c57ca69160108d", "8c3cb8c35ec4d9506979b4cf90ee9918bc2e49f84189d9bf5c36c0c1119c6558", "7e1fe19bd6dce69d9fd159d8e4a80a8f52101380d5d3a4d374b6d3eae0e5de9c", "6bc583dc18d5979dc0f6cec26a8603129de0304d5ae1f17e57a12834e7235062", "198626739a79b09fa0a2f06e083ffd12eb55449b5f8bfdbeed1df4910b2ca640", "7aa36d2b844a3e4a4b356708d79fd2c260281a7390d678a10b91ca595ddc9e99", "3d72c20bd105022d29b14a7d628462ebdc61de2f303322c0212a054352f3b287", "4635a184d0bbe537aa185a34193898eee409332a8ccb27eea36f262566585000", "e05cb4d9aad6233d67e0541caa7e511fa4047ed7750ec2510d466e806e0255d6", "76ecd006d1d8f739430ec50cc872889af1f9c1b6b8f48e29941814b09b0fd3cc", "7d3f553904b0c5c016d1dad058a7554c7ac4c91a789fca496e7d8347ad040653", "3c79a6f7b95751cdebcd9037e4d06f8d5a9b60e4ed0cd231342aa8ad7124882a", "56e448f051a201c5ebbaa86a5efd0ca90d327204d8b059ab25ad0f35fbfd79f1", "ac4fef68da01116a5c117eba4dd46f2e06847a497de5ed1d64bb99a5fda1ef91", "1c383d2ef13ade2acc636556fd544dba6e14fa30755f26812f54300e401f98f2", "b8815995e050764c8610dbc82641807d196927c3dbed207f0a079833ffcf588d", "104ab3934abaf5be871a583541e8829d6c19ce7bde2923b2751e0d3ca44db60a", "9e112fcbe0148a6fa4f0a02e8d58e94470fc6cb82a5481618fea901699bf34c4", "15b111b6a0f46ee1a485414a52a7ad1d703bdf984e9ed3c288a4414d3871dcbd", "e4d96c07229f58cb686120f168276e434660e4358cc9cf3b0464210b04913e77", "f8a923a85cb099422ad5a2e345fe877bbc89a8a8b23235824a93488150e45f6e",]
hupper = [ "6b8133e9c5cc0a8ec422a29ef3b38aea2c49a809a0af73f419a78a7015b32615", "20387760e4d32bd4813c2cabc8e51d92b2c22c546102a0af182c33c152cd7ede",]
idna = [ "156a6814fb5ac1fc6850fb002e0852d56c0c8d2531923a51032d1b70760e186e", "684a38a6f903c1d71d6d5fac066b58d7768af4de2b832e426ec79c30daa94a16",]
jsonschema = [ "000e68abd33c972a5248544925a0cae7d1125f9bf6c58280d37546b946769a08", "6ff5f3180870836cae40f06fa10419f557208175f13ad7bc26caa77beb1f6e02",]
more-itertools = [ "a18d870ef2ffca2b8463c0070ad17b5978056f403fb64e3f15fe62a52db21cc0", "6703844a52d3588f951883005efcf555e49566a48afd4db4e965d69b883980d3", "2b6b9893337bfd9166bee6a62c2b0c9fe7735dcf85948b387ec8cba30e85d8e8",]
multidict = [ "a6e35d28900cf87bcc11e6ca9e474db0099b78f0be0a41d95bef02d49101b5b2", "a59d58ee85b11f337b54933e8d758b2356fcdcc493248e004c9c5e5d11eedbe4", "2eb99617c7a0e9f2b90b64bc1fb742611718618572747d6f3d6532b7b78755ab", "1d6e191965505652f194bc4c40270a842922685918a4f45e6936a6b15cc5816d", "bbd5a6bffd3ba8bfe75b16b5e28af15265538e8be011b0b9fddc7d86a453fd4a", "e9404e2e19e901121c3c5c6cffd5a8ae0d1d67919c970e3b3262231175713068", "d870f399fcd58a1889e93008762a3b9a27cf7ea512818fc6e689f59495648355", "295961a6a88f1199e19968e15d9b42f3a191c89ec13034dbc212bf9c394c3c82", "2be5af084de6c3b8e20d6421cb0346378a9c867dcf7c86030d6b0b550f9888e4", "b4df7ca9c01018a51e43937eaa41f2f5dce17a6382fda0086403bcb1f5c2cf8e", "4ba654c6b5ad1ae4a4d792abeb695b29ce981bb0f157a41d0fd227b385f2bef0", "1a1d76374a1e7fe93acef96b354a03c1d7f83e7512e225a527d283da0d7ba5e0", "5ba766433c30d703f6b2c17eb0b6826c6f898e5f58d89373e235f07764952314",]
openapi-core = [ "7e401707886b5ee75b2c62733231aabf7af78c9e0f4d625cf96f63ce522524cc", "eac405e9959c1bea3614f0b1d4e62af56ed110efc4507ed40e66a866dad62749",]
openapi-spec-validator = [ "46316c2e0947b8003069007bb599a20e5cc8e06f786b3058f74f472e92bfd21c", "1e10e294ac2b584796ae204433ad3b82036291d3cd35d0092cd35020662b96f8", "99f3c82ccd4e24dbd5692f911d7cd5cb70d4e1a4e1cdf6ec852d2eafbded1d09",]
pastedeploy = [ "39973e73f391335fac8bc8a8a95f7d34a9f42e2775600ce2dc518d93b37ef943", "d5858f89a255e6294e63ed46b73613c56e3b9a2d82a42f1df4d06c8421a9e3cb",]
plaster = [ "215c921a438b5349931fd7df9a5a11a3572947f20f4bc6dd622ac08f1c3ba249", "8351c7c7efdf33084c1de88dd0f422cbe7342534537b553c49b857b12d98c8c3",]
plaster-pastedeploy = [ "25cc239d767c5fab0afa44b1ed3c1a33a3d7ec6302ff2e599aec674b77ff6667", "70a3185b2a3336996a26e9987968cf35e84cf13390b7e8a0a9a91eb8f6f85ba9",]
pluggy = [ "d345c8fe681115900d6da8d048ba67c25df42973bda370783cd58826442dcd7c", "e160a7fcf25762bb60efc7e171d4497ff1d8d2d75a3d0df7a21b76821ecbf5c5", "7f8ae7f5bdf75671a718d2daf0a64b7885f74510bcd98b1a0bb420eb9a9d0cff",]
py = [ "e31fb2767eb657cbde86c454f02e99cb846d3cd9d61b318525140214fdc0e98e", "3fd59af7435864e1a243790d322d763925431213b6b8529c6ca71081ace3bbf7",]
pyaml = [ "f83fc302c52c6b83a15345792693ae0b5bc07ad19f59e318b7617d7123d62990", "66623c52f34d83a2c0fc963e08e8b9d0c13d88404e3b43b1852ef71eda19afa3",]
pyramid = [ "600f12e0d11211a55c2da970120af33214f77607ed45caba6af6c891afeaa771", "cf89a48cb899291639686bf3d4a883b39e496151fa4871fb83cc1a3200d5b925",]
pytest = [ "90898786b3d0b880b47645bae7b51aa9bbf1e9d1e4510c2cfd15dd65c70ea0cd", "8ea01fc4fcc8e1b1e305252b4bc80a1528019ab99fd3b88666c9dc38d754406c",]
pyyaml = [ "a9b322285f419429402d5ce15e8f6d5c7a64f659eb87251af8b35c106f00a8e3",]
"repoze.lru" = [ "f77bf0e1096ea445beadd35f3479c5cff2aa1efe604a133e67150bc8630a62ea", "0429a75e19380e4ed50c0694e26ac8819b4ea7851ee1fc7583c8572db80aff77",]
setuptools = [ "8fca9275c89964f13da985c3656cb00ba029d7f3916b37990927ffdf264e7926", "f7cddbb5f5c640311eb00eab6e849f7701fa70bf6a183fc8a2c33dd1d1672fb2",]
six = [ "832dc0e10feb1aa2c68dcc57dbb658f1c7e65b9b61af69048abc87a2db00a0eb", "70e8a77beed4562e7f14fe23a786b54f6296e34344c23bc42f07b15018ff98e9",]
translationstring = [ "e26c7bf383413234ed442e0980a2ebe192b95e3745288a8fd2805156d27515b4", "4ee44cfa58c52ade8910ea0ebc3d2d84bdcad9fa0422405b1801ec9b9a65b72d",]
venusian = [ "757162c5f907e18571b6ab41b7673e5bf18cc8715abf8164292eaef4f1610668", "9902e492c71a89a241a18b2f9950bea7e41d025cc8f3af1ea8d8201346f8577d",]
webob = [ "263690003a3e092ca1ec4df787f93feb0004e39d7bac9cba2c19a552c765894b", "1fe722f2ab857685fc96edec567dc40b1875b21219b3b348e58cd8c4d5ea7df3",]
werkzeug = [ "d5da73735293558eb1651ee2fddc4d0dedcfa06538b8813a2e20011583c9e49b", "c3fd7a7d41976d9f44db327260e263132466836cef6f91512889ed60ad26557c",]
yarl = [ "d9ca55a5a297408f08e5401c23ad22bd9f580dab899212f0d5dc1830f0909404", "17e57a495efea42bcfca08b49e16c6d89e003acd54c99c903ea1cb3de0ba1248", "3353fae45d93cc3e7e41bfcb1b633acc37db821d368e660b03068dbfcf68f8c8", "51a084ff8756811101f8b5031a14d1c2dd26c666976e1b18579c6b1c8761a102", "045dbba18c9142278113d5dc62622978a6f718ba662392d406141c59b540c514", "213e8f54b4a942532d6ac32314c69a147d3b82fa1725ca05061b7c1a19a1d9b1", "7236eba4911a5556b497235828e7a4bc5d90957efa63b7c4b3e744d2d2cf1b94", "e9a6a319c4bbfb57618f207e86a7c519ab0f637be3d2366e4cdac271577834b8", "6e75753065c310befab71c5077a59b7cb638d2146b1cfbb1c3b8f08b51362714", "64727a2593fdba5d6ef69e94eba793a196deeda7152c7bd3a64edda6b1f95f6e", "5580f22ac1298261cd24e8e584180d83e2cca9a6167113466d2d16cb2aa1f7b1", "e072edbd1c5628c0b8f97d00cf6c9fcd6a4ee2b5ded10d463fcb6eaa066cf40c", "a69dd7e262cdb265ac7d5e929d55f2f3d07baaadd158c8f19caebf8dde08dfe8",]
"zope.deprecation" = [ "c83cfef3085d10dcb07de5a59a2d95713865befa46e0e88784c5648610fba789", "7d52e134bbaaa0d72e1e2bc90f0587f1adc116c4bdf15912afaf2f1e8856b224",]
"zope.interface" = [ "467d364b24cb398f76ad5e90398d71b9325eb4232be9e8a50d6a3b3c7a1c8789", "3d184aff0756c44fff7de69eb4cd5b5311b6f452d4de28cb08343b3f21993763", "21506674d30c009271fe68a242d330c83b1b9d76d62d03d87e1e9528c61beea6", "f41037260deaacb875db250021fe883bf536bf6414a4fd25b25059b02e31b120", "9ada83f4384bbb12dedc152bcdd46a3ac9f5f7720d43ac3ce3e8e8b91d733c10", "e881ef610ff48aece2f4ee2af03d2db1a146dc7c705561bd6089b2356f61641f", "e6b77ae84f2b8502d99a7855fa33334a1eb6159de45626905cb3e454c023f339", "a1daf9c5120f3cc6f2b5fef8e1d2a3fb7bbbb20ed4bfdc25bc8364bc62dcf54b", "57c38470d9f57e37afb460c399eb254e7193ac7fb8042bd09bdc001981a9c74c",]
